<?xml version="1.0" encoding="utf-8"?>
<Project ToolsVersion="17.0" xmlns="http://schemas.microsoft.com/developer/msbuild/2003">
  <ItemGroup>
    <CustomBuild Include="C:\Users\fulvi\OneDrive\Desktop\codelite\ProgettoFinale\cmake\CMakeFiles\42b7072fc86fcb76f953ac10ff0ec93c\generate.stamp.rule">
      <Filter>CMake Rules</Filter>
    </CustomBuild>
  </ItemGroup>
  <ItemGroup>
    <Filter Include="CMake Rules">
      <UniqueIdentifier>{F0DB166E-08D5-3C2E-845E-BF0692AFC763}</UniqueIdentifier>
    </Filter>
  </ItemGroup>
</Project>
